Microsoft Visual Studio Solution File, Format Version 12.00
# Visual Studio Version 17
VisualStudioVersion = 17.5.2.0
MinimumVisualStudioVersion = 10.0.40219.1
Project("{FAE04EC0-301F-11D3-BF4B-00C04F79EFBC}") = "EduHealth", "EduHealth.csproj", "{96698425-19A7-9B87-39B5-E7FB2DB14EDF}"
EndProject
Global
	GlobalSection(SolutionConfigurationPlatforms) = preSolution
		Debug|Any CPU = Debug|Any CPU
		Release|Any CPU = Release|Any CPU
	EndGlobalSection
	GlobalSection(ProjectConfigurationPlatforms) = postSolution
		{96698425-19A7-9B87-39B5-E7FB2DB14EDF}.Debug|Any CPU.ActiveCfg = Debug|Any CPU
		{96698425-19A7-9B87-39B5-E7FB2DB14EDF}.Debug|Any CPU.Build.0 = Debug|Any CPU
		{96698425-19A7-9B87-39B5-E7FB2DB14EDF}.Release|Any CPU.ActiveCfg = Release|Any CPU
		{96698425-19A7-9B87-39B5-E7FB2DB14EDF}.Release|Any CPU.Build.0 = Release|Any CPU
	EndGlobalSection
	GlobalSection(SolutionProperties) = preSolution
		HideSolutionNode = FALSE
	EndGlobalSection
	GlobalSection(ExtensibilityGlobals) = postSolution
		SolutionGuid = {5325AAD2-6F0C-4B3D-8898-86480BA0BC43}
	EndGlobalSection
EndGlobal
